
Microsoft Visual Studio Solution File, Format Version 12.00
# Visual Studio Version 17
VisualStudioVersion = 17.4.33103.184
MinimumVisualStudioVersion = 10.0.40219.1
Project("{FAE04EC0-301F-11D3-BF4B-00C04F79EFBC}") = "UserLogin", "UserLogin\UserLogin.csproj", "{32C16AB7-D5ED-4FD5-96AD-69DE8C38B430}"
EndProject
Global
	GlobalSection(SolutionConfigurationPlatforms) = preSolution
		Debug|Any CPU = Debug|Any CPU
		Release|Any CPU = Release|Any CPU
	EndGlobalSection
	GlobalSection(ProjectConfigurationPlatforms) = postSolution
		{32C16AB7-D5ED-4FD5-96AD-69DE8C38B430}.Debug|Any CPU.ActiveCfg = Debug|Any CPU
		{32C16AB7-D5ED-4FD5-96AD-69DE8C38B430}.Debug|Any CPU.Build.0 = Debug|Any CPU
		{32C16AB7-D5ED-4FD5-96AD-69DE8C38B430}.Release|Any CPU.ActiveCfg = Release|Any CPU
		{32C16AB7-D5ED-4FD5-96AD-69DE8C38B430}.Release|Any CPU.Build.0 = Release|Any CPU
	EndGlobalSection
	GlobalSection(SolutionProperties) = preSolution
		HideSolutionNode = FALSE
	EndGlobalSection
	GlobalSection(ExtensibilityGlobals) = postSolution
		SolutionGuid = {7626EF1B-2151-45D9-97EE-26AFC7FD143F}
	EndGlobalSection
EndGlobal
